
Microsoft Visual Studio Solution File, Format Version 12.00
# Visual Studio 14
VisualStudioVersion = 14.0.25420.1
MinimumVisualStudioVersion = 10.0.40219.1
Project("{FAE04EC0-301F-11D3-BF4B-00C04F79EFBC}") = "KudosInOutlook", "KudosInOutlook\KudosInOutlook.csproj", "{924B669D-2222-4C2A-A484-3A021A624C71}"
EndProject
Project("{FAE04EC0-301F-11D3-BF4B-00C04F79EFBC}") = "KudosInOutlookWeb", "KudosInOutlookWeb\KudosInOutlookWeb.csproj", "{E637430F-3C51-412F-AFCD-469CF7B5642F}"
EndProject
Global
	GlobalSection(SolutionConfigurationPlatforms) = preSolution
		Debug|Any CPU = Debug|Any CPU
		Release|Any CPU = Release|Any CPU
	EndGlobalSection
	GlobalSection(ProjectConfigurationPlatforms) = postSolution
		{924B669D-2222-4C2A-A484-3A021A624C71}.Debug|Any CPU.ActiveCfg = Debug|Any CPU
		{924B669D-2222-4C2A-A484-3A021A624C71}.Debug|Any CPU.Build.0 = Debug|Any CPU
		{924B669D-2222-4C2A-A484-3A021A624C71}.Debug|Any CPU.Deploy.0 = Debug|Any CPU
		{924B669D-2222-4C2A-A484-3A021A624C71}.Release|Any CPU.ActiveCfg = Release|Any CPU
		{924B669D-2222-4C2A-A484-3A021A624C71}.Release|Any CPU.Build.0 = Release|Any CPU
		{924B669D-2222-4C2A-A484-3A021A624C71}.Release|Any CPU.Deploy.0 = Release|Any CPU
		{E637430F-3C51-412F-AFCD-469CF7B5642F}.Debug|Any CPU.ActiveCfg = Debug|Any CPU
		{E637430F-3C51-412F-AFCD-469CF7B5642F}.Debug|Any CPU.Build.0 = Debug|Any CPU
		{E637430F-3C51-412F-AFCD-469CF7B5642F}.Release|Any CPU.ActiveCfg = Release|Any CPU
		{E637430F-3C51-412F-AFCD-469CF7B5642F}.Release|Any CPU.Build.0 = Release|Any CPU
	EndGlobalSection
	GlobalSection(SolutionProperties) = preSolution
		HideSolutionNode = FALSE
	EndGlobalSection
EndGlobal
